PODS:
  - Flutter (1.0.0)
  - geocoding_ios (1.0.5):
    - Flutter
  - Google-Maps-iOS-Utils (5.0.0):
    - GoogleMaps (~> 8.0)
  - google_maps_flutter_ios (0.0.1):
    - Flutter
    - Google-Maps-iOS-Utils (< 7.0, >= 5.0)
    - GoogleMaps (< 10.0, >= 8.4)
  - GoogleDataTransport (9.4.1):
    - GoogleUtilities/Environment (~> 7.7)
    - nanopb (< 2.30911.0, >= 2.30908.0)
    - PromisesObjC (< 3.0, >= 1.2)
  - GoogleMaps (8.4.0):
    - GoogleMaps/Maps (= 8.4.0)
  - GoogleMaps/Base (8.4.0)
  - GoogleMaps/Maps (8.4.0):
    - GoogleMaps/Base
  - GoogleMLKit/BarcodeScanning (6.0.0):
    - GoogleMLKit/MLKitCore
    - MLKitBarcodeScanning (~> 5.0.0)
  - GoogleMLKit/MLKitCore (6.0.0):
    - MLKitCommon (~> 11.0.0)
  - GoogleToolboxForMac/Defines (4.2.1)
  - GoogleToolboxForMac/Logger (4.2.1):
    - GoogleToolboxForMac/Defines (= 4.2.1)
  - "GoogleToolboxForMac/NSData+zlib (4.2.1)":
    - GoogleToolboxForMac/Defines (= 4.2.1)
  - GoogleUtilities/Environment (7.13.3):
    - GoogleUtilities/Privacy
    - PromisesObjC (< 3.0, >= 1.2)
  - GoogleUtilities/Logger (7.13.3):
    - GoogleUtilities/Environment
    - GoogleUtilities/Privacy
  - GoogleUtilities/Privacy (7.13.3)
  - GoogleUtilities/UserDefaults (7.13.3):
    - GoogleUtilities/Logger
    - GoogleUtilities/Privacy
  - GoogleUtilitiesComponents (1.1.0):
    - GoogleUtilities/Logger
  - GTMSessionFetcher/Core (3.4.1)
  - image_picker_ios (0.0.1):
    - Flutter
  - location (0.0.1):
    - Flutter
  - MLImage (1.0.0-beta5)
  - MLKitBarcodeScanning (5.0.0):
    - MLKitCommon (~> 11.0)
    - MLKitVision (~> 7.0)
  - MLKitCommon (11.0.0):
    - GoogleDataTransport (< 10.0, >= 9.4.1)
    - GoogleToolboxForMac/Logger (< 5.0, >= 4.2.1)
    - "GoogleToolboxForMac/NSData+zlib (< 5.0, >= 4.2.1)"
    - GoogleUtilities/UserDefaults (< 8.0, >= 7.13.0)
    - GoogleUtilitiesComponents (~> 1.0)
    - GTMSessionFetcher/Core (< 4.0, >= 3.3.2)
  - MLKitVision (7.0.0):
    - GoogleToolboxForMac/Logger (< 5.0, >= 4.2.1)
    - "GoogleToolboxForMac/NSData+zlib (< 5.0, >= 4.2.1)"
    - GTMSessionFetcher/Core (< 4.0, >= 3.3.2)
    - MLImage (= 1.0.0-beta5)
    - MLKitCommon (~> 11.0)
  - mobile_scanner (5.2.3):
    - Flutter
    - GoogleMLKit/BarcodeScanning (~> 6.0.0)
  - nanopb (2.30910.0):
    - nanopb/decode (= 2.30910.0)
    - nanopb/encode (= 2.30910.0)
  - nanopb/decode (2.30910.0)
  - nanopb/encode (2.30910.0)
  - path_provider_foundation (0.0.1):
    - Flutter
    - FlutterMacOS
  - PromisesObjC (2.4.0)
  - sqflite_darwin (0.0.4):
    - Flutter
    - FlutterMacOS
  - url_launcher_ios (0.0.1):
    - Flutter

DEPENDENCIES:
  - Flutter (from `Flutter`)
  - geocoding_ios (from `.symlinks/plugins/geocoding_ios/ios`)
  - google_maps_flutter_ios (from `.symlinks/plugins/google_maps_flutter_ios/ios`)
  - image_picker_ios (from `.symlinks/plugins/image_picker_ios/ios`)
  - location (from `.symlinks/plugins/location/ios`)
  - mobile_scanner (from `.symlinks/plugins/mobile_scanner/ios`)
  - path_provider_foundation (from `.symlinks/plugins/path_provider_foundation/darwin`)
  - sqflite_darwin (from `.symlinks/plugins/sqflite_darwin/darwin`)
  - url_launcher_ios (from `.symlinks/plugins/url_launcher_ios/ios`)

SPEC REPOS:
  trunk:
    - Google-Maps-iOS-Utils
    - GoogleDataTransport
    - GoogleMaps
    - GoogleMLKit
    - GoogleToolboxForMac
    - GoogleUtilities
    - GoogleUtilitiesComponents
    - GTMSessionFetcher
    - MLImage
    - MLKitBarcodeScanning
    - MLKitCommon
    - MLKitVision
    - nanopb
    - PromisesObjC

EXTERNAL SOURCES:
  Flutter:
    :path: Flutter
  geocoding_ios:
    :path: ".symlinks/plugins/geocoding_ios/ios"
  google_maps_flutter_ios:
    :path: ".symlinks/plugins/google_maps_flutter_ios/ios"
  image_picker_ios:
    :path: ".symlinks/plugins/image_picker_ios/ios"
  location:
    :path: ".symlinks/plugins/location/ios"
  mobile_scanner:
    :path: ".symlinks/plugins/mobile_scanner/ios"
  path_provider_foundation:
    :path: ".symlinks/plugins/path_provider_foundation/darwin"
  sqflite_darwin:
    :path: ".symlinks/plugins/sqflite_darwin/darwin"
  url_launcher_ios:
    :path: ".symlinks/plugins/url_launcher_ios/ios"

SPEC CHECKSUMS:
  Flutter: e0871f40cf51350855a761d2e70bf5af5b9b5de7
  geocoding_ios: d7460f56e80e118d57678efe5c2cdc888739ff18
  Google-Maps-iOS-Utils: 66d6de12be1ce6d3742a54661e7a79cb317a9321
  google_maps_flutter_ios: e31555a04d1986ab130f2b9f24b6cdc861acc6d3
  GoogleDataTransport: 6c09b596d841063d76d4288cc2d2f42cc36e1e2a
  GoogleMaps: 8939898920281c649150e0af74aa291c60f2e77d
  GoogleMLKit: 97ac7af399057e99182ee8edfa8249e3226a4065
  GoogleToolboxForMac: d1a2cbf009c453f4d6ded37c105e2f67a32206d8
  GoogleUtilities: ea963c370a38a8069cc5f7ba4ca849a60b6d7d15
  GoogleUtilitiesComponents: 679b2c881db3b615a2777504623df6122dd20afe
  GTMSessionFetcher: 8000756fc1c19d2e5697b90311f7832d2e33f6cd
  image_picker_ios: c560581cceedb403a6ff17f2f816d7fea1421fc1
  location: d5cf8598915965547c3f36761ae9cc4f4e87d22e
  MLImage: 1824212150da33ef225fbd3dc49f184cf611046c
  MLKitBarcodeScanning: 10ca0845a6d15f2f6e911f682a1998b68b973e8b
  MLKitCommon: afec63980417d29ffbb4790529a1b0a2291699e1
  MLKitVision: e858c5f125ecc288e4a31127928301eaba9ae0c1
  mobile_scanner: 96e91f2e1fb396bb7df8da40429ba8dfad664740
  nanopb: 438bc412db1928dac798aa6fd75726007be04262
  path_provider_foundation: 2b6b4c569c0fb62ec74538f866245ac84301af46
  PromisesObjC: f5707f49cb48b9636751c5b2e7d227e43fba9f47
  sqflite_darwin: a553b1fd6fe66f53bbb0fe5b4f5bab93f08d7a13
  url_launcher_ios: 5334b05cef931de560670eeae103fd3e431ac3fe

PODFILE CHECKSUM: 73f659ac4e36ac16f14dbd30b18c6f16f3363447

COCOAPODS: 1.15.2
